
Microsoft Visual Studio Solution File, Format Version 12.00
# Visual Studio Version 16
VisualStudioVersion = 16.0.29519.87
MinimumVisualStudioVersion = 10.0.40219.1
Project("{2150E333-8FDC-42A3-9474-1A3956D46DE8}") = "WebServices", "WebServices", "{F1C99380-83CA-43F0-ABD1-C8F3A7C0BAE1}"
EndProject
Project("{9A19103F-16F7-4668-BE54-9A1E7A4F7556}") = "DynAPI", "WebServices\DynAPI\DynAPI.csproj", "{5C1C0A71-CF77-464D-86D8-2971F341994A}"
EndProject
Project("{2150E333-8FDC-42A3-9474-1A3956D46DE8}") = "Engine", "Engine", "{0CB8069D-832A-498C-A77F-2138A4AA888A}"
EndProject
Project("{2150E333-8FDC-42A3-9474-1A3956D46DE8}") = "Library", "Library", "{BA20CC21-C545-4789-B466-D771A551FFC2}"
EndProject
Project("{9A19103F-16F7-4668-BE54-9A1E7A4F7556}") = "Base.Data", "Engine\Data\Base.Data\Base.Data.csproj", "{DD8066F9-74CA-431F-9A54-501308F1BF60}"
EndProject
Project("{2150E333-8FDC-42A3-9474-1A3956D46DE8}") = "Data", "Data", "{2F1E5B9B-4D9F-4CAA-B584-EAFC746BCAC7}"
EndProject
Project("{9A19103F-16F7-4668-BE54-9A1E7A4F7556}") = "SCI.Data", "Engine\Data\SCI.Data\SCI.Data.csproj", "{2290DE8F-5970-4FD9-8F2E-54FE787FC3E2}"
EndProject
Project("{2150E333-8FDC-42A3-9474-1A3956D46DE8}") = "Shared Engine", "Shared Engine", "{9D8F7EE9-958E-4A18-8483-CD2BCD75BABE}"
EndProject
Project("{2150E333-8FDC-42A3-9474-1A3956D46DE8}") = "Model", "Model", "{B91A17E0-E987-432E-955E-C6450C9E9817}"
EndProject
Project("{9A19103F-16F7-4668-BE54-9A1E7A4F7556}") = "SCI.Model", "..\Shared Engine\Model\SCI.Model\SCI.Model.csproj", "{4C0030B9-8D72-4609-A779-D57FC509C4D0}"
EndProject
Project("{9A19103F-16F7-4668-BE54-9A1E7A4F7556}") = "Base.Model", "..\Shared Engine\Model\Base.Model\Base.Model.csproj", "{D5B7396C-CE5A-4CA0-A80F-5BE5DB2B5364}"
EndProject
Project("{2150E333-8FDC-42A3-9474-1A3956D46DE8}") = "Shared Library", "Shared Library", "{782E5193-AAFD-45FA-AA74-6A2A2A909C75}"
EndProject
Project("{9A19103F-16F7-4668-BE54-9A1E7A4F7556}") = "Library.ExtensionsCore", "..\Shared Library\Library.ExtensionsCore\Library.ExtensionsCore.csproj", "{04575C5A-9ABB-4591-8D14-F3D3E007FEE8}"
EndProject
Project("{2150E333-8FDC-42A3-9474-1A3956D46DE8}") = "Contracts", "Contracts", "{6E8DDFDA-2E31-44C6-AEA7-A7689929575C}"
EndProject
Project("{9A19103F-16F7-4668-BE54-9A1E7A4F7556}") = "Base.Contracts", "Engine\Contracts\Base.Contracts\Base.Contracts.csproj", "{BF3D6F2E-862C-4472-BC8A-36139EC121FB}"
EndProject
Project("{9A19103F-16F7-4668-BE54-9A1E7A4F7556}") = "SCI.Contracts", "Engine\Contracts\SCI.Contracts\SCI.Contracts.csproj", "{A57B958D-F4FB-449E-B9B2-3DD080429FA9}"
EndProject
Project("{9A19103F-16F7-4668-BE54-9A1E7A4F7556}") = "Library.HelpersCore", "..\Shared Library\Library.HelpersCore\Library.HelpersCore.csproj", "{3B817A7C-2EF3-4B29-9A42-C82B7AD49BF8}"
EndProject
Project("{9A19103F-16F7-4668-BE54-9A1E7A4F7556}") = "Library.FiltersCore", "..\Shared Library\Library.FiltersCore\Library.FiltersCore.csproj", "{8863608C-264F-4943-8A28-85E2C19A0FC6}"
EndProject
Project("{9A19103F-16F7-4668-BE54-9A1E7A4F7556}") = "Library.MiddleWareCore", "..\Shared Library\Library.MiddleWareCore\Library.MiddleWareCore.csproj", "{CC4EBF43-3402-43BC-8DB5-D03D467EBBD8}"
EndProject
Project("{2150E333-8FDC-42A3-9474-1A3956D46DE8}") = "Http", "Http", "{E5FF51C6-E694-40F5-BD8A-2A2F8FBBFBD0}"
EndProject
Project("{9A19103F-16F7-4668-BE54-9A1E7A4F7556}") = "Http.Auth", "..\Shared Engine\Http\Auth.Http\Http.Auth.csproj", "{C6DE0FB0-308F-4A96-BD3D-2F2D72013F5F}"
EndProject
Project("{2150E333-8FDC-42A3-9474-1A3956D46DE8}") = "Business", "Business", "{8E7B8822-9D12-449D-B433-BBC1E591F027}"
EndProject
Project("{9A19103F-16F7-4668-BE54-9A1E7A4F7556}") = "SCI.Business", "Engine\Business\SCI.Business\SCI.Business.csproj", "{42B0273B-5FFB-48F9-92A7-A764DF8B9F03}"
EndProject
Project("{2150E333-8FDC-42A3-9474-1A3956D46DE8}") = "Helper", "Helper", "{8E97EB9D-F3C3-4B7F-A88A-B6CA227AD944}"
EndProject
Project("{9A19103F-16F7-4668-BE54-9A1E7A4F7556}") = "Library.Helper.QueryableStd", "Library\Library.Helper.QueryableStd\Library.Helper.QueryableStd.csproj", "{CA5BE2AF-0A03-4D0A-9F3F-F89A1E0C6F5D}"
EndProject
Global
	GlobalSection(SolutionConfigurationPlatforms) = preSolution
		Debug|Any CPU = Debug|Any CPU
		Release|Any CPU = Release|Any CPU
	EndGlobalSection
	GlobalSection(ProjectConfigurationPlatforms) = postSolution
		{5C1C0A71-CF77-464D-86D8-2971F341994A}.Debug|Any CPU.ActiveCfg = Debug|Any CPU
		{5C1C0A71-CF77-464D-86D8-2971F341994A}.Debug|Any CPU.Build.0 = Debug|Any CPU
		{5C1C0A71-CF77-464D-86D8-2971F341994A}.Release|Any CPU.ActiveCfg = Release|Any CPU
		{5C1C0A71-CF77-464D-86D8-2971F341994A}.Release|Any CPU.Build.0 = Release|Any CPU
		{DD8066F9-74CA-431F-9A54-501308F1BF60}.Debug|Any CPU.ActiveCfg = Debug|Any CPU
		{DD8066F9-74CA-431F-9A54-501308F1BF60}.Debug|Any CPU.Build.0 = Debug|Any CPU
		{DD8066F9-74CA-431F-9A54-501308F1BF60}.Release|Any CPU.ActiveCfg = Release|Any CPU
		{DD8066F9-74CA-431F-9A54-501308F1BF60}.Release|Any CPU.Build.0 = Release|Any CPU
		{2290DE8F-5970-4FD9-8F2E-54FE787FC3E2}.Debug|Any CPU.ActiveCfg = Debug|Any CPU
		{2290DE8F-5970-4FD9-8F2E-54FE787FC3E2}.Debug|Any CPU.Build.0 = Debug|Any CPU
		{2290DE8F-5970-4FD9-8F2E-54FE787FC3E2}.Release|Any CPU.ActiveCfg = Release|Any CPU
		{2290DE8F-5970-4FD9-8F2E-54FE787FC3E2}.Release|Any CPU.Build.0 = Release|Any CPU
		{4C0030B9-8D72-4609-A779-D57FC509C4D0}.Debug|Any CPU.ActiveCfg = Debug|Any CPU
		{4C0030B9-8D72-4609-A779-D57FC509C4D0}.Debug|Any CPU.Build.0 = Debug|Any CPU
		{4C0030B9-8D72-4609-A779-D57FC509C4D0}.Release|Any CPU.ActiveCfg = Release|Any CPU
		{4C0030B9-8D72-4609-A779-D57FC509C4D0}.Release|Any CPU.Build.0 = Release|Any CPU
		{D5B7396C-CE5A-4CA0-A80F-5BE5DB2B5364}.Debug|Any CPU.ActiveCfg = Debug|Any CPU
		{D5B7396C-CE5A-4CA0-A80F-5BE5DB2B5364}.Debug|Any CPU.Build.0 = Debug|Any CPU
		{D5B7396C-CE5A-4CA0-A80F-5BE5DB2B5364}.Release|Any CPU.ActiveCfg = Release|Any CPU
		{D5B7396C-CE5A-4CA0-A80F-5BE5DB2B5364}.Release|Any CPU.Build.0 = Release|Any CPU
		{04575C5A-9ABB-4591-8D14-F3D3E007FEE8}.Debug|Any CPU.ActiveCfg = Debug|Any CPU
		{04575C5A-9ABB-4591-8D14-F3D3E007FEE8}.Debug|Any CPU.Build.0 = Debug|Any CPU
		{04575C5A-9ABB-4591-8D14-F3D3E007FEE8}.Release|Any CPU.ActiveCfg = Release|Any CPU
		{04575C5A-9ABB-4591-8D14-F3D3E007FEE8}.Release|Any CPU.Build.0 = Release|Any CPU
		{BF3D6F2E-862C-4472-BC8A-36139EC121FB}.Debug|Any CPU.ActiveCfg = Debug|Any CPU
		{BF3D6F2E-862C-4472-BC8A-36139EC121FB}.Debug|Any CPU.Build.0 = Debug|Any CPU
		{BF3D6F2E-862C-4472-BC8A-36139EC121FB}.Release|Any CPU.ActiveCfg = Release|Any CPU
		{BF3D6F2E-862C-4472-BC8A-36139EC121FB}.Release|Any CPU.Build.0 = Release|Any CPU
		{A57B958D-F4FB-449E-B9B2-3DD080429FA9}.Debug|Any CPU.ActiveCfg = Debug|Any CPU
		{A57B958D-F4FB-449E-B9B2-3DD080429FA9}.Debug|Any CPU.Build.0 = Debug|Any CPU
		{A57B958D-F4FB-449E-B9B2-3DD080429FA9}.Release|Any CPU.ActiveCfg = Release|Any CPU
		{A57B958D-F4FB-449E-B9B2-3DD080429FA9}.Release|Any CPU.Build.0 = Release|Any CPU
		{3B817A7C-2EF3-4B29-9A42-C82B7AD49BF8}.Debug|Any CPU.ActiveCfg = Debug|Any CPU
		{3B817A7C-2EF3-4B29-9A42-C82B7AD49BF8}.Debug|Any CPU.Build.0 = Debug|Any CPU
		{3B817A7C-2EF3-4B29-9A42-C82B7AD49BF8}.Release|Any CPU.ActiveCfg = Release|Any CPU
		{3B817A7C-2EF3-4B29-9A42-C82B7AD49BF8}.Release|Any CPU.Build.0 = Release|Any CPU
		{8863608C-264F-4943-8A28-85E2C19A0FC6}.Debug|Any CPU.ActiveCfg = Debug|Any CPU
		{8863608C-264F-4943-8A28-85E2C19A0FC6}.Debug|Any CPU.Build.0 = Debug|Any CPU
		{8863608C-264F-4943-8A28-85E2C19A0FC6}.Release|Any CPU.ActiveCfg = Release|Any CPU
		{8863608C-264F-4943-8A28-85E2C19A0FC6}.Release|Any CPU.Build.0 = Release|Any CPU
		{CC4EBF43-3402-43BC-8DB5-D03D467EBBD8}.Debug|Any CPU.ActiveCfg = Debug|Any CPU
		{CC4EBF43-3402-43BC-8DB5-D03D467EBBD8}.Debug|Any CPU.Build.0 = Debug|Any CPU
		{CC4EBF43-3402-43BC-8DB5-D03D467EBBD8}.Release|Any CPU.ActiveCfg = Release|Any CPU
		{CC4EBF43-3402-43BC-8DB5-D03D467EBBD8}.Release|Any CPU.Build.0 = Release|Any CPU
		{C6DE0FB0-308F-4A96-BD3D-2F2D72013F5F}.Debug|Any CPU.ActiveCfg = Debug|Any CPU
		{C6DE0FB0-308F-4A96-BD3D-2F2D72013F5F}.Debug|Any CPU.Build.0 = Debug|Any CPU
		{C6DE0FB0-308F-4A96-BD3D-2F2D72013F5F}.Release|Any CPU.ActiveCfg = Release|Any CPU
		{C6DE0FB0-308F-4A96-BD3D-2F2D72013F5F}.Release|Any CPU.Build.0 = Release|Any CPU
		{42B0273B-5FFB-48F9-92A7-A764DF8B9F03}.Debug|Any CPU.ActiveCfg = Debug|Any CPU
		{42B0273B-5FFB-48F9-92A7-A764DF8B9F03}.Debug|Any CPU.Build.0 = Debug|Any CPU
		{42B0273B-5FFB-48F9-92A7-A764DF8B9F03}.Release|Any CPU.ActiveCfg = Release|Any CPU
		{42B0273B-5FFB-48F9-92A7-A764DF8B9F03}.Release|Any CPU.Build.0 = Release|Any CPU
		{CA5BE2AF-0A03-4D0A-9F3F-F89A1E0C6F5D}.Debug|Any CPU.ActiveCfg = Debug|Any CPU
		{CA5BE2AF-0A03-4D0A-9F3F-F89A1E0C6F5D}.Debug|Any CPU.Build.0 = Debug|Any CPU
		{CA5BE2AF-0A03-4D0A-9F3F-F89A1E0C6F5D}.Release|Any CPU.ActiveCfg = Release|Any CPU
		{CA5BE2AF-0A03-4D0A-9F3F-F89A1E0C6F5D}.Release|Any CPU.Build.0 = Release|Any CPU
	EndGlobalSection
	GlobalSection(SolutionProperties) = preSolution
		HideSolutionNode = FALSE
	EndGlobalSection
	GlobalSection(NestedProjects) = preSolution
		{5C1C0A71-CF77-464D-86D8-2971F341994A} = {F1C99380-83CA-43F0-ABD1-C8F3A7C0BAE1}
		{DD8066F9-74CA-431F-9A54-501308F1BF60} = {2F1E5B9B-4D9F-4CAA-B584-EAFC746BCAC7}
		{2F1E5B9B-4D9F-4CAA-B584-EAFC746BCAC7} = {0CB8069D-832A-498C-A77F-2138A4AA888A}
		{2290DE8F-5970-4FD9-8F2E-54FE787FC3E2} = {2F1E5B9B-4D9F-4CAA-B584-EAFC746BCAC7}
		{B91A17E0-E987-432E-955E-C6450C9E9817} = {9D8F7EE9-958E-4A18-8483-CD2BCD75BABE}
		{4C0030B9-8D72-4609-A779-D57FC509C4D0} = {B91A17E0-E987-432E-955E-C6450C9E9817}
		{D5B7396C-CE5A-4CA0-A80F-5BE5DB2B5364} = {B91A17E0-E987-432E-955E-C6450C9E9817}
		{04575C5A-9ABB-4591-8D14-F3D3E007FEE8} = {782E5193-AAFD-45FA-AA74-6A2A2A909C75}
		{6E8DDFDA-2E31-44C6-AEA7-A7689929575C} = {0CB8069D-832A-498C-A77F-2138A4AA888A}
		{BF3D6F2E-862C-4472-BC8A-36139EC121FB} = {6E8DDFDA-2E31-44C6-AEA7-A7689929575C}
		{A57B958D-F4FB-449E-B9B2-3DD080429FA9} = {6E8DDFDA-2E31-44C6-AEA7-A7689929575C}
		{3B817A7C-2EF3-4B29-9A42-C82B7AD49BF8} = {782E5193-AAFD-45FA-AA74-6A2A2A909C75}
		{8863608C-264F-4943-8A28-85E2C19A0FC6} = {782E5193-AAFD-45FA-AA74-6A2A2A909C75}
		{CC4EBF43-3402-43BC-8DB5-D03D467EBBD8} = {782E5193-AAFD-45FA-AA74-6A2A2A909C75}
		{E5FF51C6-E694-40F5-BD8A-2A2F8FBBFBD0} = {9D8F7EE9-958E-4A18-8483-CD2BCD75BABE}
		{C6DE0FB0-308F-4A96-BD3D-2F2D72013F5F} = {E5FF51C6-E694-40F5-BD8A-2A2F8FBBFBD0}
		{8E7B8822-9D12-449D-B433-BBC1E591F027} = {0CB8069D-832A-498C-A77F-2138A4AA888A}
		{42B0273B-5FFB-48F9-92A7-A764DF8B9F03} = {8E7B8822-9D12-449D-B433-BBC1E591F027}
		{8E97EB9D-F3C3-4B7F-A88A-B6CA227AD944} = {BA20CC21-C545-4789-B466-D771A551FFC2}
		{CA5BE2AF-0A03-4D0A-9F3F-F89A1E0C6F5D} = {8E97EB9D-F3C3-4B7F-A88A-B6CA227AD944}
	EndGlobalSection
	GlobalSection(ExtensibilityGlobals) = postSolution
		SolutionGuid = {CD1B21EC-6709-4418-8A95-E2E0F377A9A8}
	EndGlobalSection
EndGlobal
